
Microsoft Visual Studio Solution File, Format Version 12.00
# Visual Studio 15
VisualStudioVersion = 15.0.28010.0
MinimumVisualStudioVersion = 10.0.40219.1
Project("{FAE04EC0-301F-11D3-BF4B-00C04F79EFBC}") = "Family.Web", "Family.Web\Family.Web.csproj", "{B2A955F3-50D7-4413-B5B9-BE8C4067ED9A}"
EndProject
Global
	GlobalSection(SolutionConfigurationPlatforms) = preSolution
		Debug|Any CPU = Debug|Any CPU
		Release|Any CPU = Release|Any CPU
	EndGlobalSection
	GlobalSection(ProjectConfigurationPlatforms) = postSolution
		{B2A955F3-50D7-4413-B5B9-BE8C4067ED9A}.Debug|Any CPU.ActiveCfg = Debug|Any CPU
		{B2A955F3-50D7-4413-B5B9-BE8C4067ED9A}.Debug|Any CPU.Build.0 = Debug|Any CPU
		{B2A955F3-50D7-4413-B5B9-BE8C4067ED9A}.Release|Any CPU.ActiveCfg = Release|Any CPU
		{B2A955F3-50D7-4413-B5B9-BE8C4067ED9A}.Release|Any CPU.Build.0 = Release|Any CPU
	EndGlobalSection
	GlobalSection(SolutionProperties) = preSolution
		HideSolutionNode = FALSE
	EndGlobalSection
	GlobalSection(ExtensibilityGlobals) = postSolution
		SolutionGuid = {54565F3A-264D-4C36-A42E-DCE2CD4A0511}
	EndGlobalSection
EndGlobal
